
Microsoft Visual Studio Solution File, Format Version 12.00
# Visual Studio 15
VisualStudioVersion = 15.0.28307.1209
MinimumVisualStudioVersion = 10.0.40219.1
Project("{FAE04EC0-301F-11D3-BF4B-00C04F79EFBC}") = "DUNGCHUNG", "DUNGCHUNG\DUNGCHUNG.csproj", "{82BCE7EF-5FCF-43F1-9BD8-87420998223F}"
EndProject
Project("{FAE04EC0-301F-11D3-BF4B-00C04F79EFBC}") = "SQLDB", "SQLDB\SQLDB.csproj", "{BEFC72BA-6D69-48D5-B02B-3FBAAF44E018}"
EndProject
Global
	GlobalSection(SolutionConfigurationPlatforms) = preSolution
		Debug|Any CPU = Debug|Any CPU
		Release|Any CPU = Release|Any CPU
	EndGlobalSection
	GlobalSection(ProjectConfigurationPlatforms) = postSolution
		{82BCE7EF-5FCF-43F1-9BD8-87420998223F}.Debug|Any CPU.ActiveCfg = Debug|Any CPU
		{82BCE7EF-5FCF-43F1-9BD8-87420998223F}.Debug|Any CPU.Build.0 = Debug|Any CPU
		{82BCE7EF-5FCF-43F1-9BD8-87420998223F}.Release|Any CPU.ActiveCfg = Release|Any CPU
		{82BCE7EF-5FCF-43F1-9BD8-87420998223F}.Release|Any CPU.Build.0 = Release|Any CPU
		{BEFC72BA-6D69-48D5-B02B-3FBAAF44E018}.Debug|Any CPU.ActiveCfg = Debug|Any CPU
		{BEFC72BA-6D69-48D5-B02B-3FBAAF44E018}.Debug|Any CPU.Build.0 = Debug|Any CPU
		{BEFC72BA-6D69-48D5-B02B-3FBAAF44E018}.Release|Any CPU.ActiveCfg = Release|Any CPU
		{BEFC72BA-6D69-48D5-B02B-3FBAAF44E018}.Release|Any CPU.Build.0 = Release|Any CPU
	EndGlobalSection
	GlobalSection(SolutionProperties) = preSolution
		HideSolutionNode = FALSE
	EndGlobalSection
	GlobalSection(ExtensibilityGlobals) = postSolution
		SolutionGuid = {92BD7E8D-0E37-4739-87BB-37AC1AC342D6}
	EndGlobalSection
EndGlobal
